
 class Program
    {
        static void Main(string[] args)
        {
            Console.Write("Veri girilecek ayın ismini küçük harflerle yazınız= ");
            string ay = Convert.ToString(Console.ReadLine()); int gun, gecici;
            if (ay == "ocak" || ay == "mart" || ay == "mayıs" || ay == "temmuz" || ay == "ağustos" || ay == "ekim" || ay == "aralık")
            {
                gun = 31; Console.Clear();
                int[] veri = new int[gun];
                for (int i = 0; i < gun; i++)
                {
                    Console.Write("{0}. Günün sıcaklığı= ", i + 1);
                    veri[i] = Convert.ToInt32(Console.ReadLine());
                }
                for (int i = 0; i < gun - 1; i++)
                {
                    for (int j = i + 1; j < gun; j++)
                    {
                        if (veri[i] > veri[j])
                        {
                            gecici = veri[i];
                            veri[i] = veri[j];
                            veri[j] = gecici;
                        }
                    }
                }
                Console.Clear();
                Console.Write("{0} ayının En düşük sıcaklığı= {1} En yüksek sıcaklığı= {2}", ay, veri[0], veri[gun - 1]);
                Console.ReadKey();
            }
            else if (ay == "nisan" || ay == "haziran" || ay == "eylül" || ay == "kasım")
            {
                gun = 30;Console.Clear();
                int[] veri = new int[gun];
                for (int i = 0; i < gun; i++)
                {
                    Console.Write("{0}. Günün sıcaklığı= ", i + 1);
                    veri[i] = Convert.ToInt32(Console.ReadLine());
                }
                for (int i = 0; i < gun - 1; i++)
                {
                    for (int j = i + 1; j < gun; j++)
                    {
                        if (veri[i] > veri[j])
                        {
                            gecici = veri[i];
                            veri[i] = veri[j];
                            veri[j] = gecici;
                        }
                    }
                }
                Console.Clear();
                Console.Write("{0} ayının En düşük sıcaklığı= {1} En yüksek sıcaklığı= {2}", ay, veri[0], veri[gun - 1]);
                Console.ReadKey();
            }
            else if (ay == "şubat")
            {
                gun = 28;Console.Clear();
                int[] veri = new int[gun];
                for (int i = 0; i < gun; i++)
                {
                    Console.Write("{0}. Günün sıcaklığı= ", i + 1);
                    veri[i] = Convert.ToInt32(Console.ReadLine());
                }
                for (int i = 0; i < gun - 1; i++)
                {
                    for (int j = i + 1; j < gun; j++)
                    {
                        if (veri[i] > veri[j])
                        {
                            gecici = veri[i];
                            veri[i] = veri[j];
                            veri[j] = gecici;
                        }
                    }
                }
                Console.Clear();
                Console.Write("{0} ayının En düşük sıcaklığı= {1} En yüksek sıcaklığı= {2}", ay, veri[0], veri[gun - 1]);
                Console.ReadKey();
            }
            else
            {
                Console.Clear(); Console.Write("Ay ismi hatalı girildi çıkmak için bir tuşa basınız..."); Console.ReadKey();
            }
        }
    }
